// !$*UTF8*$!
{
	archiveVersion = 1;
	classes = {
	};
	objectVersion = 48;
	objects = {

/* Begin PBXBuildFile section */
		07FFFDDF202DF92400B7342E /* AppDelegate.swift in Sources */ = {isa = PBXBuildFile; fileRef = 07FFFDDE202DF92400B7342E /* AppDelegate.swift */; };
		07FFFDE1202DF92400B7342E /* ViewController.swift in Sources */ = {isa = PBXBuildFile; fileRef = 07FFFDE0202DF92400B7342E /* ViewController.swift */; };
		07FFFDE4202DF92400B7342E /* Main.storyboard in Resources */ = {isa = PBXBuildFile; fileRef = 07FFFDE2202DF92400B7342E /* Main.storyboard */; };
		07FFFDE6202DF92400B7342E /* Assets.xcassets in Resources */ = {isa = PBXBuildFile; fileRef = 07FFFDE5202DF92400B7342E /* Assets.xcassets */; };
		07FFFDE9202DF92400B7342E /* LaunchScreen.storyboard in Resources */ = {isa = PBXBuildFile; fileRef = 07FFFDE7202DF92400B7342E /* LaunchScreen.storyboard */; };
		07FFFDF4202DF92400B7342E /* swift_part6Tests.swift in Sources */ = {isa = PBXBuildFile; fileRef = 07FFFDF3202DF92400B7342E /* swift_part6Tests.swift */; };
		07FFFDFF202DF92400B7342E /* swift_part6UITests.swift in Sources */ = {isa = PBXBuildFile; fileRef = 07FFFDFE202DF92400B7342E /* swift_part6UITests.swift */; };
/* End PBXBuildFile section */

/* Begin PBXContainerItemProxy section */
		07FFFDF0202DF92400B7342E /* PBXContainerItemProxy */ = {
			isa = PBXContainerItemProxy;
			containerPortal = 07FFFDD3202DF92400B7342E /* Project object */;
			proxyType = 1;
			remoteGlobalIDString = 07FFFDDA202DF92400B7342E;
			remoteInfo = swift_part6;
		};
		07FFFDFB202DF92400B7342E /* PBXContainerItemProxy */ = {
			isa = PBXContainerItemProxy;
			containerPortal = 07FFFDD3202DF92400B7342E /* Project object */;
			proxyType = 1;
			remoteGlobalIDString = 07FFFDDA202DF92400B7342E;
			remoteInfo = swift_part6;
		};
/* End PBXContainerItemProxy section */

/* Begin PBXFileReference section */
		07FFFDDB202DF92400B7342E /* swift_part6.app */ = {isa = PBXFileReference; explicitFileType = wrapper.application; includeInIndex = 0; path = swift_part6.app; sourceTree = BUILT_PRODUCTS_DIR; };
		07FFFDDE202DF92400B7342E /* AppDelegate.swift */ = {isa = PBXFileReference; lastKnownFileType = sourcecode.swift; path = AppDelegate.swift; sourceTree = "<group>"; };
		07FFFDE0202DF92400B7342E /* ViewController.swift */ = {isa = PBXFileReference; lastKnownFileType = sourcecode.swift; path = ViewController.swift; sourceTree = "<group>"; };
		07FFFDE3202DF92400B7342E /* Base */ = {isa = PBXFileReference; lastKnownFileType = file.storyboard; name = Base; path = Base.lproj/Main.storyboard; sourceTree = "<group>"; };
		07FFFDE5202DF92400B7342E /* Assets.xcassets */ = {isa = PBXFileReference; lastKnownFileType = folder.assetcatalog; path = Assets.xcassets; sourceTree = "<group>"; };
		07FFFDE8202DF92400B7342E /* Base */ = {isa = PBXFileReference; lastKnownFileType = file.storyboard; name = Base; path = Base.lproj/LaunchScreen.storyboard; sourceTree = "<group>"; };
		07FFFDEA202DF92400B7342E /* Info.plist */ = {isa = PBXFileReference; lastKnownFileType = text.plist.xml; path = Info.plist; sourceTree = "<group>"; };
		07FFFDEF202DF92400B7342E /* swift_part6Tests.xctest */ = {isa = PBXFileReference; explicitFileType = wrapper.cfbundle; includeInIndex = 0; path = swift_part6Tests.xctest; sourceTree = BUILT_PRODUCTS_DIR; };
		07FFFDF3202DF92400B7342E /* swift_part6Tests.swift */ = {isa = PBXFileReference; lastKnownFileType = sourcecode.swift; path = swift_part6Tests.swift; sourceTree = "<group>"; };
		07FFFDF5202DF92400B7342E /* Info.plist */ = {isa = PBXFileReference; lastKnownFileType = text.plist.xml; path = Info.plist; sourceTree = "<group>"; };
		07FFFDFA202DF92400B7342E /* swift_part6UITests.xctest */ = {isa = PBXFileReference; explicitFileType = wrapper.cfbundle; includeInIndex = 0; path = swift_part6UITests.xctest; sourceTree = BUILT_PRODUCTS_DIR; };
		07FFFDFE202DF92400B7342E /* swift_part6UITests.swift */ = {isa = PBXFileReference; lastKnownFileType = sourcecode.swift; path = swift_part6UITests.swift; sourceTree = "<group>"; };
		07FFFE00202DF92400B7342E /* Info.plist */ = {isa = PBXFileReference; lastKnownFileType = text.plist.xml; path = Info.plist; sourceTree = "<group>"; };
/* End PBXFileReference section */

/* Begin PBXFrameworksBuildPhase section */
		07FFFDD8202DF92400B7342E /* Frameworks */ = {
			isa = PBXFrameworksBuildPhase;
			buildActionMask = 2147483647;
			files = (
			);
			runOnlyForDeploymentPostprocessing = 0;
		};
		07FFFDEC202DF92400B7342E /* Frameworks */ = {
			isa = PBXFrameworksBuildPhase;
			buildActionMask = 2147483647;
			files = (
			);
			runOnlyForDeploymentPostprocessing = 0;
		};
		07FFFDF7202DF92400B7342E /* Frameworks */ = {
			isa = PBXFrameworksBuildPhase;
			buildActionMask = 2147483647;
			files = (
			);
			runOnlyForDeploymentPostprocessing = 0;
		};
/* End PBXFrameworksBuildPhase section */

/* Begin PBXGroup section */
		07FFFDD2202DF92400B7342E = {
			isa = PBXGroup;
			children = (
				07FFFDDD202DF92400B7342E /* swift_part6 */,
				07FFFDF2202DF92400B7342E /* swift_part6Tests */,
				07FFFDFD202DF92400B7342E /* swift_part6UITests */,
				07FFFDDC202DF92400B7342E /* Products */,
			);
			sourceTree = "<group>";
		};
		07FFFDDC202DF92400B7342E /* Products */ = {
			isa = PBXGroup;
			children = (
				07FFFDDB202DF92400B7342E /* swift_part6.app */,
				07FFFDEF202DF92400B7342E /* swift_part6Tests.xctest */,
				07FFFDFA202DF92400B7342E /* swift_part6UITests.xctest */,
			);
			name = Products;
			sourceTree = "<group>";
		};
		07FFFDDD202DF92400B7342E /* swift_part6 */ = {
			isa = PBXGroup;
			children = (
				07FFFDDE202DF92400B7342E /* AppDelegate.swift */,
				07FFFDE0202DF92400B7342E /* ViewController.swift */,
				07FFFDE2202DF92400B7342E /* Main.storyboard */,
				07FFFDE5202DF92400B7342E /* Assets.xcassets */,
				07FFFDE7202DF92400B7342E /* LaunchScreen.storyboard */,
				07FFFDEA202DF92400B7342E /* Info.plist */,
			);
			path = swift_part6;
			sourceTree = "<group>";
		};
		07FFFDF2202DF92400B7342E /* swift_part6Tests */ = {
			isa = PBXGroup;
			children = (
				07FFFDF3202DF92400B7342E /* swift_part6Tests.swift */,
				07FFFDF5202DF92400B7342E /* Info.plist */,
			);
			path = swift_part6Tests;
			sourceTree = "<group>";
		};
		07FFFDFD202DF92400B7342E /* swift_part6UITests */ = {
			isa = PBXGroup;
			children = (
				07FFFDFE202DF92400B7342E /* swift_part6UITests.swift */,
				07FFFE00202DF92400B7342E /* Info.plist */,
			);
			path = swift_part6UITests;
			sourceTree = "<group>";
		};
/* End PBXGroup section */

/* Begin PBXNativeTarget section */
		07FFFDDA202DF92400B7342E /* swift_part6 */ = {
			isa = PBXNativeTarget;
			buildConfigurationList = 07FFFE03202DF92400B7342E /* Build configuration list for PBXNativeTarget "swift_part6" */;
			buildPhases = (
				07FFFDD7202DF92400B7342E /* Sources */,
				07FFFDD8202DF92400B7342E /* Frameworks */,
				07FFFDD9202DF92400B7342E /* Resources */,
			);
			buildRules = (
			);
			dependencies = (
			);
			name = swift_part6;
			productName = swift_part6;
			productReference = 07FFFDDB202DF92400B7342E /* swift_part6.app */;
			productType = "com.apple.product-type.application";
		};
		07FFFDEE202DF92400B7342E /* swift_part6Tests */ = {
			isa = PBXNativeTarget;
			buildConfigurationList = 07FFFE06202DF92400B7342E /* Build configuration list for PBXNativeTarget "swift_part6Tests" */;
			buildPhases = (
				07FFFDEB202DF92400B7342E /* Sources */,
				07FFFDEC202DF92400B7342E /* Frameworks */,
				07FFFDED202DF92400B7342E /* Resources */,
			);
			buildRules = (
			);
			dependencies = (
				07FFFDF1202DF92400B7342E /* PBXTargetDependency */,
			);
			name = swift_part6Tests;
			productName = swift_part6Tests;
			productReference = 07FFFDEF202DF92400B7342E /* swift_part6Tests.xctest */;
			productType = "com.apple.product-type.bundle.unit-test";
		};
		07FFFDF9202DF92400B7342E /* swift_part6UITests */ = {
			isa = PBXNativeTarget;
			buildConfigurationList = 07FFFE09202DF92400B7342E /* Build configuration list for PBXNativeTarget "swift_part6UITests" */;
			buildPhases = (
				07FFFDF6202DF92400B7342E /* Sources */,
				07FFFDF7202DF92400B7342E /* Frameworks */,
				07FFFDF8202DF92400B7342E /* Resources */,
			);
			buildRules = (
			);
			dependencies = (
				07FFFDFC202DF92400B7342E /* PBXTargetDependency */,
			);
			name = swift_part6UITests;
			productName = swift_part6UITests;
			productReference = 07FFFDFA202DF92400B7342E /* swift_part6UITests.xctest */;
			productType = "com.apple.product-type.bundle.ui-testing";
		};
/* End PBXNativeTarget section */

/* Begin PBXProject section */
		07FFFDD3202DF92400B7342E /* Project object */ = {
			isa = PBXProject;
			attributes = {
				LastSwiftUpdateCheck = 0920;
				LastUpgradeCheck = 0920;
				ORGANIZATIONNAME = "Romain Sickenberg";
				TargetAttributes = {
					07FFFDDA202DF92400B7342E = {
						CreatedOnToolsVersion = 9.2;
						ProvisioningStyle = Automatic;
					};
					07FFFDEE202DF92400B7342E = {
						CreatedOnToolsVersion = 9.2;
						ProvisioningStyle = Automatic;
						TestTargetID = 07FFFDDA202DF92400B7342E;
					};
					07FFFDF9202DF92400B7342E = {
						CreatedOnToolsVersion = 9.2;
						ProvisioningStyle = Automatic;
						TestTargetID = 07FFFDDA202DF92400B7342E;
					};
				};
			};
			buildConfigurationList = 07FFFDD6202DF92400B7342E /* Build configuration list for PBXProject "swift_part6" */;
			compatibilityVersion = "Xcode 8.0";
			developmentRegion = en;
			hasScannedForEncodings = 0;
			knownRegions = (
				en,
				Base,
			);
			mainGroup = 07FFFDD2202DF92400B7342E;
			productRefGroup = 07FFFDDC202DF92400B7342E /* Products */;
			projectDirPath = "";
			projectRoot = "";
			targets = (
				07FFFDDA202DF92400B7342E /* swift_part6 */,
				07FFFDEE202DF92400B7342E /* swift_part6Tests */,
				07FFFDF9202DF92400B7342E /* swift_part6UITests */,
			);
		};
/* End PBXProject section */

/* Begin PBXResourcesBuildPhase section */
		07FFFDD9202DF92400B7342E /* Resources */ = {
			isa = PBXResourcesBuildPhase;
			buildActionMask = 2147483647;
			files = (
				07FFFDE9202DF92400B7342E /* LaunchScreen.storyboard in Resources */,
				07FFFDE6202DF92400B7342E /* Assets.xcassets in Resources */,
				07FFFDE4202DF92400B7342E /* Main.storyboard in Resources */,
			);
			runOnlyForDeploymentPostprocessing = 0;
		};
		07FFFDED202DF92400B7342E /* Resources */ = {
			isa = PBXResourcesBuildPhase;
			buildActionMask = 2147483647;
			files = (
			);
			runOnlyForDeploymentPostprocessing = 0;
		};
		07FFFDF8202DF92400B7342E /* Resources */ = {
			isa = PBXResourcesBuildPhase;
			buildActionMask = 2147483647;
			files = (
			);
			runOnlyForDeploymentPostprocessing = 0;
		};
/* End PBXResourcesBuildPhase section */

/* Begin PBXSourcesBuildPhase section */
		07FFFDD7202DF92400B7342E /* Sources */ = {
			isa = PBXSourcesBuildPhase;
			buildActionMask = 2147483647;
			files = (
				07FFFDE1202DF92400B7342E /* ViewController.swift in Sources */,
				07FFFDDF202DF92400B7342E /* AppDelegate.swift in Sources */,
			);
			runOnlyForDeploymentPostprocessing = 0;
		};
		07FFFDEB202DF92400B7342E /* Sources */ = {
			isa = PBXSourcesBuildPhase;
			buildActionMask = 2147483647;
			files = (
				07FFFDF4202DF92400B7342E /* swift_part6Tests.swift in Sources */,
			);
			runOnlyForDeploymentPostprocessing = 0;
		};
		07FFFDF6202DF92400B7342E /* Sources */ = {
			isa = PBXSourcesBuildPhase;
			buildActionMask = 2147483647;
			files = (
				07FFFDFF202DF92400B7342E /* swift_part6UITests.swift in Sources */,
			);
			runOnlyForDeploymentPostprocessing = 0;
		};
/* End PBXSourcesBuildPhase section */

/* Begin PBXTargetDependency section */
		07FFFDF1202DF92400B7342E /* PBXTargetDependency */ = {
			isa = PBXTargetDependency;
			target = 07FFFDDA202DF92400B7342E /* swift_part6 */;
			targetProxy = 07FFFDF0202DF92400B7342E /* PBXContainerItemProxy */;
		};
		07FFFDFC202DF92400B7342E /* PBXTargetDependency */ = {
			isa = PBXTargetDependency;
			target = 07FFFDDA202DF92400B7342E /* swift_part6 */;
			targetProxy = 07FFFDFB202DF92400B7342E /* PBXContainerItemProxy */;
		};
/* End PBXTargetDependency section */

/* Begin PBXVariantGroup section */
		07FFFDE2202DF92400B7342E /* Main.storyboard */ = {
			isa = PBXVariantGroup;
			children = (
				07FFFDE3202DF92400B7342E /* Base */,
			);
			name = Main.storyboard;
			sourceTree = "<group>";
		};
		07FFFDE7202DF92400B7342E /* LaunchScreen.storyboard */ = {
			isa = PBXVariantGroup;
			children = (
				07FFFDE8202DF92400B7342E /* Base */,
			);
			name = LaunchScreen.storyboard;
			sourceTree = "<group>";
		};
/* End PBXVariantGroup section */

/* Begin XCBuildConfiguration section */
		07FFFE01202DF92400B7342E /* Debug */ = {
			isa = XCBuildConfiguration;
			buildSettings = {
				ALWAYS_SEARCH_USER_PATHS = NO;
				CLANG_ANALYZER_NONNULL = YES;
				CLANG_ANALYZER_NUMBER_OBJECT_CONVERSION = YES_AGGRESSIVE;
				CLANG_CXX_LANGUAGE_STANDARD = "gnu++14";
				CLANG_CXX_LIBRARY = "libc++";
				CLANG_ENABLE_MODULES = YES;
				CLANG_ENABLE_OBJC_ARC = YES;
				CLANG_WARN_BLOCK_CAPTURE_AUTORELEASING = YES;
				CLANG_WARN_BOOL_CONVERSION = YES;
				CLANG_WARN_COMMA = YES;
				CLANG_WARN_CONSTANT_CONVERSION = YES;
				CLANG_WARN_DIRECT_OBJC_ISA_USAGE = YES_ERROR;
				CLANG_WARN_DOCUMENTATION_COMMENTS = YES;
				CLANG_WARN_EMPTY_BODY = YES;
				CLANG_WARN_ENUM_CONVERSION = YES;
				CLANG_WARN_INFINITE_RECURSION = YES;
				CLANG_WARN_INT_CONVERSION = YES;
				CLANG_WARN_NON_LITERAL_NULL_CONVERSION = YES;
				CLANG_WARN_OBJC_LITERAL_CONVERSION = YES;
				CLANG_WARN_OBJC_ROOT_CLASS = YES_ERROR;
				CLANG_WARN_RANGE_LOOP_ANALYSIS = YES;
				CLANG_WARN_STRICT_PROTOTYPES = YES;
				CLANG_WARN_SUSPICIOUS_MOVE = YES;
				CLANG_WARN_UNGUARDED_AVAILABILITY = YES_AGGRESSIVE;
				CLANG_WARN_UNREACHABLE_CODE = YES;
				CLANG_WARN__DUPLICATE_METHOD_MATCH = YES;
				CODE_SIGN_IDENTITY = "iPhone Developer";
				COPY_PHASE_STRIP = NO;
				DEBUG_INFORMATION_FORMAT = dwarf;
				ENABLE_STRICT_OBJC_MSGSEND = YES;
				ENABLE_TESTABILITY = YES;
				GCC_C_LANGUAGE_STANDARD = gnu11;
				GCC_DYNAMIC_NO_PIC = NO;
				GCC_NO_COMMON_BLOCKS = YES;
				GCC_OPTIMIZATION_LEVEL = 0;
				GCC_PREPROCESSOR_DEFINITIONS = (
					"DEBUG=1",
					"$(inherited)",
				);
				GCC_WARN_64_TO_32_BIT_CONVERSION = YES;
				GCC_WARN_ABOUT_RETURN_TYPE = YES_ERROR;
				GCC_WARN_UNDECLARED_SELECTOR = YES;
				GCC_WARN_UNINITIALIZED_AUTOS = YES_AGGRESSIVE;
				GCC_WARN_UNUSED_FUNCTION = YES;
				GCC_WARN_UNUSED_VARIABLE = YES;
				IPHONEOS_DEPLOYMENT_TARGET = 11.2;
				MTL_ENABLE_DEBUG_INFO = YES;
				ONLY_ACTIVE_ARCH = YES;
				SDKROOT = iphoneos;
				SWIFT_ACTIVE_COMPILATION_CONDITIONS = DEBUG;
				SWIFT_OPTIMIZATION_LEVEL = "-Onone";
			};
			name = Debug;
		};
		07FFFE02202DF92400B7342E /* Release */ = {
			isa = XCBuildConfiguration;
			buildSettings = {
				ALWAYS_SEARCH_USER_PATHS = NO;
				CLANG_ANALYZER_NONNULL = YES;
				CLANG_ANALYZER_NUMBER_OBJECT_CONVERSION = YES_AGGRESSIVE;
				CLANG_CXX_LANGUAGE_STANDARD = "gnu++14";
				CLANG_CXX_LIBRARY = "libc++";
				CLANG_ENABLE_MODULES = YES;
				CLANG_ENABLE_OBJC_ARC = YES;
				CLANG_WARN_BLOCK_CAPTURE_AUTORELEASING = YES;
				CLANG_WARN_BOOL_CONVERSION = YES;
				CLANG_WARN_COMMA = YES;
				CLANG_WARN_CONSTANT_CONVERSION = YES;
				CLANG_WARN_DIRECT_OBJC_ISA_USAGE = YES_ERROR;
				CLANG_WARN_DOCUMENTATION_COMMENTS = YES;
				CLANG_WARN_EMPTY_BODY = YES;
				CLANG_WARN_ENUM_CONVERSION = YES;
				CLANG_WARN_INFINITE_RECURSION = YES;
				CLANG_WARN_INT_CONVERSION = YES;
				CLANG_WARN_NON_LITERAL_NULL_CONVERSION = YES;
				CLANG_WARN_OBJC_LITERAL_CONVERSION = YES;
				CLANG_WARN_OBJC_ROOT_CLASS = YES_ERROR;
				CLANG_WARN_RANGE_LOOP_ANALYSIS = YES;
				CLANG_WARN_STRICT_PROTOTYPES = YES;
				CLANG_WARN_SUSPICIOUS_MOVE = YES;
				CLANG_WARN_UNGUARDED_AVAILABILITY = YES_AGGRESSIVE;
				CLANG_WARN_UNREACHABLE_CODE = YES;
				CLANG_WARN__DUPLICATE_METHOD_MATCH = YES;
				CODE_SIGN_IDENTITY = "iPhone Developer";
				COPY_PHASE_STRIP = NO;
				DEBUG_INFORMATION_FORMAT = "dwarf-with-dsym";
				ENABLE_NS_ASSERTIONS = NO;
				ENABLE_STRICT_OBJC_MSGSEND = YES;
				GCC_C_LANGUAGE_STANDARD = gnu11;
				GCC_NO_COMMON_BLOCKS = YES;
				GCC_WARN_64_TO_32_BIT_CONVERSION = YES;
				GCC_WARN_ABOUT_RETURN_TYPE = YES_ERROR;
				GCC_WARN_UNDECLARED_SELECTOR = YES;
				GCC_WARN_UNINITIALIZED_AUTOS = YES_AGGRESSIVE;
				GCC_WARN_UNUSED_FUNCTION = YES;
				GCC_WARN_UNUSED_VARIABLE = YES;
				IPHONEOS_DEPLOYMENT_TARGET = 11.2;
				MTL_ENABLE_DEBUG_INFO = NO;
				SDKROOT = iphoneos;
				SWIFT_OPTIMIZATION_LEVEL = "-Owholemodule";
				VALIDATE_PRODUCT = YES;
			};
			name = Release;
		};
		07FFFE04202DF92400B7342E /* Debug */ = {
			isa = XCBuildConfiguration;
			buildSettings = {
				ASSETCATALOG_COMPILER_APPICON_NAME = AppIcon;
				CODE_SIGN_STYLE = Automatic;
				DEVELOPMENT_TEAM = 8268QCG5CG;
				INFOPLIST_FILE = swift_part6/Info.plist;
				LD_RUNPATH_SEARCH_PATHS = "$(inherited) @executable_path/Frameworks";
				PRODUCT_BUNDLE_IDENTIFIER = "com.romainsickenberg.swift-part6";
				PRODUCT_NAME = "$(TARGET_NAME)";
				SWIFT_VERSION = 4.0;
				TARGETED_DEVICE_FAMILY = "1,2";
			};
			name = Debug;
		};
		07FFFE05202DF92400B7342E /* Release */ = {
			isa = XCBuildConfiguration;
			buildSettings = {
				ASSETCATALOG_COMPILER_APPICON_NAME = AppIcon;
				CODE_SIGN_STYLE = Automatic;
				DEVELOPMENT_TEAM = 8268QCG5CG;
				INFOPLIST_FILE = swift_part6/Info.plist;
				LD_RUNPATH_SEARCH_PATHS = "$(inherited) @executable_path/Frameworks";
				PRODUCT_BUNDLE_IDENTIFIER = "com.romainsickenberg.swift-part6";
				PRODUCT_NAME = "$(TARGET_NAME)";
				SWIFT_VERSION = 4.0;
				TARGETED_DEVICE_FAMILY = "1,2";
			};
			name = Release;
		};
		07FFFE07202DF92400B7342E /* Debug */ = {
			isa = XCBuildConfiguration;
			buildSettings = {
				ALWAYS_EMBED_SWIFT_STANDARD_LIBRARIES = YES;
				BUNDLE_LOADER = "$(TEST_HOST)";
				CODE_SIGN_STYLE = Automatic;
				DEVELOPMENT_TEAM = 8268QCG5CG;
				INFOPLIST_FILE = swift_part6Tests/Info.plist;
				LD_RUNPATH_SEARCH_PATHS = "$(inherited) @executable_path/Frameworks @loader_path/Frameworks";
				PRODUCT_BUNDLE_IDENTIFIER = "com.romainsickenberg.swift-part6Tests";
				PRODUCT_NAME = "$(TARGET_NAME)";
				SWIFT_VERSION = 4.0;
				TARGETED_DEVICE_FAMILY = "1,2";
				TEST_HOST = "$(BUILT_PRODUCTS_DIR)/swift_part6.app/swift_part6";
			};
			name = Debug;
		};
		07FFFE08202DF92400B7342E /* Release */ = {
			isa = XCBuildConfiguration;
			buildSettings = {
				ALWAYS_EMBED_SWIFT_STANDARD_LIBRARIES = YES;
				BUNDLE_LOADER = "$(TEST_HOST)";
				CODE_SIGN_STYLE = Automatic;
				DEVELOPMENT_TEAM = 8268QCG5CG;
				INFOPLIST_FILE = swift_part6Tests/Info.plist;
				LD_RUNPATH_SEARCH_PATHS = "$(inherited) @executable_path/Frameworks @loader_path/Frameworks";
				PRODUCT_BUNDLE_IDENTIFIER = "com.romainsickenberg.swift-part6Tests";
				PRODUCT_NAME = "$(TARGET_NAME)";
				SWIFT_VERSION = 4.0;
				TARGETED_DEVICE_FAMILY = "1,2";
				TEST_HOST = "$(BUILT_PRODUCTS_DIR)/swift_part6.app/swift_part6";
			};
			name = Release;
		};
		07FFFE0A202DF92400B7342E /* Debug */ = {
			isa = XCBuildConfiguration;
			buildSettings = {
				ALWAYS_EMBED_SWIFT_STANDARD_LIBRARIES = YES;
				CODE_SIGN_STYLE = Automatic;
				DEVELOPMENT_TEAM = 8268QCG5CG;
				INFOPLIST_FILE = swift_part6UITests/Info.plist;
				LD_RUNPATH_SEARCH_PATHS = "$(inherited) @executable_path/Frameworks @loader_path/Frameworks";
				PRODUCT_BUNDLE_IDENTIFIER = "com.romainsickenberg.swift-part6UITests";
				PRODUCT_NAME = "$(TARGET_NAME)";
				SWIFT_VERSION = 4.0;
				TARGETED_DEVICE_FAMILY = "1,2";
				TEST_TARGET_NAME = swift_part6;
			};
			name = Debug;
		};
		07FFFE0B202DF92400B7342E /* Release */ = {
			isa = XCBuildConfiguration;
			buildSettings = {
				ALWAYS_EMBED_SWIFT_STANDARD_LIBRARIES = YES;
				CODE_SIGN_STYLE = Automatic;
				DEVELOPMENT_TEAM = 8268QCG5CG;
				INFOPLIST_FILE = swift_part6UITests/Info.plist;
				LD_RUNPATH_SEARCH_PATHS = "$(inherited) @executable_path/Frameworks @loader_path/Frameworks";
				PRODUCT_BUNDLE_IDENTIFIER = "com.romainsickenberg.swift-part6UITests";
				PRODUCT_NAME = "$(TARGET_NAME)";
				SWIFT_VERSION = 4.0;
				TARGETED_DEVICE_FAMILY = "1,2";
				TEST_TARGET_NAME = swift_part6;
			};
			name = Release;
		};
/* End XCBuildConfiguration section */

/* Begin XCConfigurationList section */
		07FFFDD6202DF92400B7342E /* Build configuration list for PBXProject "swift_part6" */ = {
			isa = XCConfigurationList;
			buildConfigurations = (
				07FFFE01202DF92400B7342E /* Debug */,
				07FFFE02202DF92400B7342E /* Release */,
			);
			defaultConfigurationIsVisible = 0;
			defaultConfigurationName = Release;
		};
		07FFFE03202DF92400B7342E /* Build configuration list for PBXNativeTarget "swift_part6" */ = {
			isa = XCConfigurationList;
			buildConfigurations = (
				07FFFE04202DF92400B7342E /* Debug */,
				07FFFE05202DF92400B7342E /* Release */,
			);
			defaultConfigurationIsVisible = 0;
			defaultConfigurationName = Release;
		};
		07FFFE06202DF92400B7342E /* Build configuration list for PBXNativeTarget "swift_part6Tests" */ = {
			isa = XCConfigurationList;
			buildConfigurations = (
				07FFFE07202DF92400B7342E /* Debug */,
				07FFFE08202DF92400B7342E /* Release */,
			);
			defaultConfigurationIsVisible = 0;
			defaultConfigurationName = Release;
		};
		07FFFE09202DF92400B7342E /* Build configuration list for PBXNativeTarget "swift_part6UITests" */ = {
			isa = XCConfigurationList;
			buildConfigurations = (
				07FFFE0A202DF92400B7342E /* Debug */,
				07FFFE0B202DF92400B7342E /* Release */,
			);
			defaultConfigurationIsVisible = 0;
			defaultConfigurationName = Release;
		};
/* End XCConfigurationList section */
	};
	rootObject = 07FFFDD3202DF92400B7342E /* Project object */;
}
