// !$*UTF8*$!
{
	archiveVersion = 1;
	classes = {
	};
	objectVersion = 48;
	objects = {

/* Begin PBXBuildFile section */
		073E278D20405D9E001003F3 /* AppDelegate.swift in Sources */ = {isa = PBXBuildFile; fileRef = 073E278C20405D9E001003F3 /* AppDelegate.swift */; };
		073E278F20405D9E001003F3 /* ViewController.swift in Sources */ = {isa = PBXBuildFile; fileRef = 073E278E20405D9E001003F3 /* ViewController.swift */; };
		073E279220405D9E001003F3 /* Main.storyboard in Resources */ = {isa = PBXBuildFile; fileRef = 073E279020405D9E001003F3 /* Main.storyboard */; };
		073E279420405D9E001003F3 /* Assets.xcassets in Resources */ = {isa = PBXBuildFile; fileRef = 073E279320405D9E001003F3 /* Assets.xcassets */; };
		073E279720405D9E001003F3 /* LaunchScreen.storyboard in Resources */ = {isa = PBXBuildFile; fileRef = 073E279520405D9E001003F3 /* LaunchScreen.storyboard */; };
		073E279F20406059001003F3 /* ReceiverViewController.swift in Sources */ = {isa = PBXBuildFile; fileRef = 073E279E20406059001003F3 /* ReceiverViewController.swift */; };
/* End PBXBuildFile section */

/* Begin PBXFileReference section */
		073E278920405D9E001003F3 /* swift_part12.app */ = {isa = PBXFileReference; explicitFileType = wrapper.application; includeInIndex = 0; path = swift_part12.app; sourceTree = BUILT_PRODUCTS_DIR; };
		073E278C20405D9E001003F3 /* AppDelegate.swift */ = {isa = PBXFileReference; lastKnownFileType = sourcecode.swift; path = AppDelegate.swift; sourceTree = "<group>"; };
		073E278E20405D9E001003F3 /* ViewController.swift */ = {isa = PBXFileReference; lastKnownFileType = sourcecode.swift; path = ViewController.swift; sourceTree = "<group>"; };
		073E279120405D9E001003F3 /* Base */ = {isa = PBXFileReference; lastKnownFileType = file.storyboard; name = Base; path = Base.lproj/Main.storyboard; sourceTree = "<group>"; };
		073E279320405D9E001003F3 /* Assets.xcassets */ = {isa = PBXFileReference; lastKnownFileType = folder.assetcatalog; path = Assets.xcassets; sourceTree = "<group>"; };
		073E279620405D9E001003F3 /* Base */ = {isa = PBXFileReference; lastKnownFileType = file.storyboard; name = Base; path = Base.lproj/LaunchScreen.storyboard; sourceTree = "<group>"; };
		073E279820405D9E001003F3 /* Info.plist */ = {isa = PBXFileReference; lastKnownFileType = text.plist.xml; path = Info.plist; sourceTree = "<group>"; };
		073E279E20406059001003F3 /* ReceiverViewController.swift */ = {isa = PBXFileReference; lastKnownFileType = sourcecode.swift; path = ReceiverViewController.swift; sourceTree = "<group>"; };
/* End PBXFileReference section */

/* Begin PBXFrameworksBuildPhase section */
		073E278620405D9E001003F3 /* Frameworks */ = {
			isa = PBXFrameworksBuildPhase;
			buildActionMask = 2147483647;
			files = (
			);
			runOnlyForDeploymentPostprocessing = 0;
		};
/* End PBXFrameworksBuildPhase section */

/* Begin PBXGroup section */
		073E278020405D9E001003F3 = {
			isa = PBXGroup;
			children = (
				073E278B20405D9E001003F3 /* swift_part12 */,
				073E278A20405D9E001003F3 /* Products */,
			);
			sourceTree = "<group>";
		};
		073E278A20405D9E001003F3 /* Products */ = {
			isa = PBXGroup;
			children = (
				073E278920405D9E001003F3 /* swift_part12.app */,
			);
			name = Products;
			sourceTree = "<group>";
		};
		073E278B20405D9E001003F3 /* swift_part12 */ = {
			isa = PBXGroup;
			children = (
				073E278C20405D9E001003F3 /* AppDelegate.swift */,
				073E278E20405D9E001003F3 /* ViewController.swift */,
				073E279020405D9E001003F3 /* Main.storyboard */,
				073E279E20406059001003F3 /* ReceiverViewController.swift */,
				073E279320405D9E001003F3 /* Assets.xcassets */,
				073E279520405D9E001003F3 /* LaunchScreen.storyboard */,
				073E279820405D9E001003F3 /* Info.plist */,
			);
			path = swift_part12;
			sourceTree = "<group>";
		};
/* End PBXGroup section */

/* Begin PBXNativeTarget section */
		073E278820405D9E001003F3 /* swift_part12 */ = {
			isa = PBXNativeTarget;
			buildConfigurationList = 073E279B20405D9E001003F3 /* Build configuration list for PBXNativeTarget "swift_part12" */;
			buildPhases = (
				073E278520405D9E001003F3 /* Sources */,
				073E278620405D9E001003F3 /* Frameworks */,
				073E278720405D9E001003F3 /* Resources */,
			);
			buildRules = (
			);
			dependencies = (
			);
			name = swift_part12;
			productName = swift_part12;
			productReference = 073E278920405D9E001003F3 /* swift_part12.app */;
			productType = "com.apple.product-type.application";
		};
/* End PBXNativeTarget section */

/* Begin PBXProject section */
		073E278120405D9E001003F3 /* Project object */ = {
			isa = PBXProject;
			attributes = {
				LastSwiftUpdateCheck = 0920;
				LastUpgradeCheck = 0920;
				ORGANIZATIONNAME = "Romain Sickenberg";
				TargetAttributes = {
					073E278820405D9E001003F3 = {
						CreatedOnToolsVersion = 9.2;
						ProvisioningStyle = Automatic;
					};
				};
			};
			buildConfigurationList = 073E278420405D9E001003F3 /* Build configuration list for PBXProject "swift_part12" */;
			compatibilityVersion = "Xcode 8.0";
			developmentRegion = en;
			hasScannedForEncodings = 0;
			knownRegions = (
				en,
				Base,
			);
			mainGroup = 073E278020405D9E001003F3;
			productRefGroup = 073E278A20405D9E001003F3 /* Products */;
			projectDirPath = "";
			projectRoot = "";
			targets = (
				073E278820405D9E001003F3 /* swift_part12 */,
			);
		};
/* End PBXProject section */

/* Begin PBXResourcesBuildPhase section */
		073E278720405D9E001003F3 /* Resources */ = {
			isa = PBXResourcesBuildPhase;
			buildActionMask = 2147483647;
			files = (
				073E279720405D9E001003F3 /* LaunchScreen.storyboard in Resources */,
				073E279420405D9E001003F3 /* Assets.xcassets in Resources */,
				073E279220405D9E001003F3 /* Main.storyboard in Resources */,
			);
			runOnlyForDeploymentPostprocessing = 0;
		};
/* End PBXResourcesBuildPhase section */

/* Begin PBXSourcesBuildPhase section */
		073E278520405D9E001003F3 /* Sources */ = {
			isa = PBXSourcesBuildPhase;
			buildActionMask = 2147483647;
			files = (
				073E278F20405D9E001003F3 /* ViewController.swift in Sources */,
				073E279F20406059001003F3 /* ReceiverViewController.swift in Sources */,
				073E278D20405D9E001003F3 /* AppDelegate.swift in Sources */,
			);
			runOnlyForDeploymentPostprocessing = 0;
		};
/* End PBXSourcesBuildPhase section */

/* Begin PBXVariantGroup section */
		073E279020405D9E001003F3 /* Main.storyboard */ = {
			isa = PBXVariantGroup;
			children = (
				073E279120405D9E001003F3 /* Base */,
			);
			name = Main.storyboard;
			sourceTree = "<group>";
		};
		073E279520405D9E001003F3 /* LaunchScreen.storyboard */ = {
			isa = PBXVariantGroup;
			children = (
				073E279620405D9E001003F3 /* Base */,
			);
			name = LaunchScreen.storyboard;
			sourceTree = "<group>";
		};
/* End PBXVariantGroup section */

/* Begin XCBuildConfiguration section */
		073E279920405D9E001003F3 /* Debug */ = {
			isa = XCBuildConfiguration;
			buildSettings = {
				ALWAYS_SEARCH_USER_PATHS = NO;
				CLANG_ANALYZER_NONNULL = YES;
				CLANG_ANALYZER_NUMBER_OBJECT_CONVERSION = YES_AGGRESSIVE;
				CLANG_CXX_LANGUAGE_STANDARD = "gnu++14";
				CLANG_CXX_LIBRARY = "libc++";
				CLANG_ENABLE_MODULES = YES;
				CLANG_ENABLE_OBJC_ARC = YES;
				CLANG_WARN_BLOCK_CAPTURE_AUTORELEASING = YES;
				CLANG_WARN_BOOL_CONVERSION = YES;
				CLANG_WARN_COMMA = YES;
				CLANG_WARN_CONSTANT_CONVERSION = YES;
				CLANG_WARN_DIRECT_OBJC_ISA_USAGE = YES_ERROR;
				CLANG_WARN_DOCUMENTATION_COMMENTS = YES;
				CLANG_WARN_EMPTY_BODY = YES;
				CLANG_WARN_ENUM_CONVERSION = YES;
				CLANG_WARN_INFINITE_RECURSION = YES;
				CLANG_WARN_INT_CONVERSION = YES;
				CLANG_WARN_NON_LITERAL_NULL_CONVERSION = YES;
				CLANG_WARN_OBJC_LITERAL_CONVERSION = YES;
				CLANG_WARN_OBJC_ROOT_CLASS = YES_ERROR;
				CLANG_WARN_RANGE_LOOP_ANALYSIS = YES;
				CLANG_WARN_STRICT_PROTOTYPES = YES;
				CLANG_WARN_SUSPICIOUS_MOVE = YES;
				CLANG_WARN_UNGUARDED_AVAILABILITY = YES_AGGRESSIVE;
				CLANG_WARN_UNREACHABLE_CODE = YES;
				CLANG_WARN__DUPLICATE_METHOD_MATCH = YES;
				CODE_SIGN_IDENTITY = "iPhone Developer";
				COPY_PHASE_STRIP = NO;
				DEBUG_INFORMATION_FORMAT = dwarf;
				ENABLE_STRICT_OBJC_MSGSEND = YES;
				ENABLE_TESTABILITY = YES;
				GCC_C_LANGUAGE_STANDARD = gnu11;
				GCC_DYNAMIC_NO_PIC = NO;
				GCC_NO_COMMON_BLOCKS = YES;
				GCC_OPTIMIZATION_LEVEL = 0;
				GCC_PREPROCESSOR_DEFINITIONS = (
					"DEBUG=1",
					"$(inherited)",
				);
				GCC_WARN_64_TO_32_BIT_CONVERSION = YES;
				GCC_WARN_ABOUT_RETURN_TYPE = YES_ERROR;
				GCC_WARN_UNDECLARED_SELECTOR = YES;
				GCC_WARN_UNINITIALIZED_AUTOS = YES_AGGRESSIVE;
				GCC_WARN_UNUSED_FUNCTION = YES;
				GCC_WARN_UNUSED_VARIABLE = YES;
				IPHONEOS_DEPLOYMENT_TARGET = 11.2;
				MTL_ENABLE_DEBUG_INFO = YES;
				ONLY_ACTIVE_ARCH = YES;
				SDKROOT = iphoneos;
				SWIFT_ACTIVE_COMPILATION_CONDITIONS = DEBUG;
				SWIFT_OPTIMIZATION_LEVEL = "-Onone";
			};
			name = Debug;
		};
		073E279A20405D9E001003F3 /* Release */ = {
			isa = XCBuildConfiguration;
			buildSettings = {
				ALWAYS_SEARCH_USER_PATHS = NO;
				CLANG_ANALYZER_NONNULL = YES;
				CLANG_ANALYZER_NUMBER_OBJECT_CONVERSION = YES_AGGRESSIVE;
				CLANG_CXX_LANGUAGE_STANDARD = "gnu++14";
				CLANG_CXX_LIBRARY = "libc++";
				CLANG_ENABLE_MODULES = YES;
				CLANG_ENABLE_OBJC_ARC = YES;
				CLANG_WARN_BLOCK_CAPTURE_AUTORELEASING = YES;
				CLANG_WARN_BOOL_CONVERSION = YES;
				CLANG_WARN_COMMA = YES;
				CLANG_WARN_CONSTANT_CONVERSION = YES;
				CLANG_WARN_DIRECT_OBJC_ISA_USAGE = YES_ERROR;
				CLANG_WARN_DOCUMENTATION_COMMENTS = YES;
				CLANG_WARN_EMPTY_BODY = YES;
				CLANG_WARN_ENUM_CONVERSION = YES;
				CLANG_WARN_INFINITE_RECURSION = YES;
				CLANG_WARN_INT_CONVERSION = YES;
				CLANG_WARN_NON_LITERAL_NULL_CONVERSION = YES;
				CLANG_WARN_OBJC_LITERAL_CONVERSION = YES;
				CLANG_WARN_OBJC_ROOT_CLASS = YES_ERROR;
				CLANG_WARN_RANGE_LOOP_ANALYSIS = YES;
				CLANG_WARN_STRICT_PROTOTYPES = YES;
				CLANG_WARN_SUSPICIOUS_MOVE = YES;
				CLANG_WARN_UNGUARDED_AVAILABILITY = YES_AGGRESSIVE;
				CLANG_WARN_UNREACHABLE_CODE = YES;
				CLANG_WARN__DUPLICATE_METHOD_MATCH = YES;
				CODE_SIGN_IDENTITY = "iPhone Developer";
				COPY_PHASE_STRIP = NO;
				DEBUG_INFORMATION_FORMAT = "dwarf-with-dsym";
				ENABLE_NS_ASSERTIONS = NO;
				ENABLE_STRICT_OBJC_MSGSEND = YES;
				GCC_C_LANGUAGE_STANDARD = gnu11;
				GCC_NO_COMMON_BLOCKS = YES;
				GCC_WARN_64_TO_32_BIT_CONVERSION = YES;
				GCC_WARN_ABOUT_RETURN_TYPE = YES_ERROR;
				GCC_WARN_UNDECLARED_SELECTOR = YES;
				GCC_WARN_UNINITIALIZED_AUTOS = YES_AGGRESSIVE;
				GCC_WARN_UNUSED_FUNCTION = YES;
				GCC_WARN_UNUSED_VARIABLE = YES;
				IPHONEOS_DEPLOYMENT_TARGET = 11.2;
				MTL_ENABLE_DEBUG_INFO = NO;
				SDKROOT = iphoneos;
				SWIFT_OPTIMIZATION_LEVEL = "-Owholemodule";
				VALIDATE_PRODUCT = YES;
			};
			name = Release;
		};
		073E279C20405D9E001003F3 /* Debug */ = {
			isa = XCBuildConfiguration;
			buildSettings = {
				ASSETCATALOG_COMPILER_APPICON_NAME = AppIcon;
				CODE_SIGN_STYLE = Automatic;
				DEVELOPMENT_TEAM = 8268QCG5CG;
				INFOPLIST_FILE = swift_part12/Info.plist;
				LD_RUNPATH_SEARCH_PATHS = "$(inherited) @executable_path/Frameworks";
				PRODUCT_BUNDLE_IDENTIFIER = "com.romainsickenberg.swift-part12";
				PRODUCT_NAME = "$(TARGET_NAME)";
				SWIFT_VERSION = 4.0;
				TARGETED_DEVICE_FAMILY = "1,2";
			};
			name = Debug;
		};
		073E279D20405D9E001003F3 /* Release */ = {
			isa = XCBuildConfiguration;
			buildSettings = {
				ASSETCATALOG_COMPILER_APPICON_NAME = AppIcon;
				CODE_SIGN_STYLE = Automatic;
				DEVELOPMENT_TEAM = 8268QCG5CG;
				INFOPLIST_FILE = swift_part12/Info.plist;
				LD_RUNPATH_SEARCH_PATHS = "$(inherited) @executable_path/Frameworks";
				PRODUCT_BUNDLE_IDENTIFIER = "com.romainsickenberg.swift-part12";
				PRODUCT_NAME = "$(TARGET_NAME)";
				SWIFT_VERSION = 4.0;
				TARGETED_DEVICE_FAMILY = "1,2";
			};
			name = Release;
		};
/* End XCBuildConfiguration section */

/* Begin XCConfigurationList section */
		073E278420405D9E001003F3 /* Build configuration list for PBXProject "swift_part12" */ = {
			isa = XCConfigurationList;
			buildConfigurations = (
				073E279920405D9E001003F3 /* Debug */,
				073E279A20405D9E001003F3 /* Release */,
			);
			defaultConfigurationIsVisible = 0;
			defaultConfigurationName = Release;
		};
		073E279B20405D9E001003F3 /* Build configuration list for PBXNativeTarget "swift_part12" */ = {
			isa = XCConfigurationList;
			buildConfigurations = (
				073E279C20405D9E001003F3 /* Debug */,
				073E279D20405D9E001003F3 /* Release */,
			);
			defaultConfigurationIsVisible = 0;
			defaultConfigurationName = Release;
		};
/* End XCConfigurationList section */
	};
	rootObject = 073E278120405D9E001003F3 /* Project object */;
}
