// !$*UTF8*$!
{
	archiveVersion = 1;
	classes = {
	};
	objectVersion = 48;
	objects = {

/* Begin PBXBuildFile section */
		07676CDF203F17010034D12A /* AppDelegate.swift in Sources */ = {isa = PBXBuildFile; fileRef = 07676CDE203F17010034D12A /* AppDelegate.swift */; };
		07676CE4203F17010034D12A /* Main.storyboard in Resources */ = {isa = PBXBuildFile; fileRef = 07676CE2203F17010034D12A /* Main.storyboard */; };
		07676CE6203F17010034D12A /* Assets.xcassets in Resources */ = {isa = PBXBuildFile; fileRef = 07676CE5203F17010034D12A /* Assets.xcassets */; };
		07676CE9203F17010034D12A /* LaunchScreen.storyboard in Resources */ = {isa = PBXBuildFile; fileRef = 07676CE7203F17010034D12A /* LaunchScreen.storyboard */; };
		07676CF1203F17420034D12A /* ViewController.swift in Sources */ = {isa = PBXBuildFile; fileRef = 07676CF0203F17420034D12A /* ViewController.swift */; };
		07676CF3203F1CFF0034D12A /* FicheContactTableViewCell.swift in Sources */ = {isa = PBXBuildFile; fileRef = 07676CF2203F1CFF0034D12A /* FicheContactTableViewCell.swift */; };
/* End PBXBuildFile section */

/* Begin PBXFileReference section */
		07676CDB203F17010034D12A /* swift_part9.5.app */ = {isa = PBXFileReference; explicitFileType = wrapper.application; includeInIndex = 0; path = swift_part9.5.app; sourceTree = BUILT_PRODUCTS_DIR; };
		07676CDE203F17010034D12A /* AppDelegate.swift */ = {isa = PBXFileReference; lastKnownFileType = sourcecode.swift; path = AppDelegate.swift; sourceTree = "<group>"; };
		07676CE3203F17010034D12A /* Base */ = {isa = PBXFileReference; lastKnownFileType = file.storyboard; name = Base; path = Base.lproj/Main.storyboard; sourceTree = "<group>"; };
		07676CE5203F17010034D12A /* Assets.xcassets */ = {isa = PBXFileReference; lastKnownFileType = folder.assetcatalog; path = Assets.xcassets; sourceTree = "<group>"; };
		07676CE8203F17010034D12A /* Base */ = {isa = PBXFileReference; lastKnownFileType = file.storyboard; name = Base; path = Base.lproj/LaunchScreen.storyboard; sourceTree = "<group>"; };
		07676CEA203F17010034D12A /* Info.plist */ = {isa = PBXFileReference; lastKnownFileType = text.plist.xml; path = Info.plist; sourceTree = "<group>"; };
		07676CF0203F17420034D12A /* ViewController.swift */ = {isa = PBXFileReference; lastKnownFileType = sourcecode.swift; path = ViewController.swift; sourceTree = "<group>"; };
		07676CF2203F1CFF0034D12A /* FicheContactTableViewCell.swift */ = {isa = PBXFileReference; lastKnownFileType = sourcecode.swift; path = FicheContactTableViewCell.swift; sourceTree = "<group>"; };
/* End PBXFileReference section */

/* Begin PBXFrameworksBuildPhase section */
		07676CD8203F17010034D12A /* Frameworks */ = {
			isa = PBXFrameworksBuildPhase;
			buildActionMask = 2147483647;
			files = (
			);
			runOnlyForDeploymentPostprocessing = 0;
		};
/* End PBXFrameworksBuildPhase section */

/* Begin PBXGroup section */
		07676CD2203F17010034D12A = {
			isa = PBXGroup;
			children = (
				07676CDD203F17010034D12A /* swift_part9.5 */,
				07676CDC203F17010034D12A /* Products */,
			);
			sourceTree = "<group>";
		};
		07676CDC203F17010034D12A /* Products */ = {
			isa = PBXGroup;
			children = (
				07676CDB203F17010034D12A /* swift_part9.5.app */,
			);
			name = Products;
			sourceTree = "<group>";
		};
		07676CDD203F17010034D12A /* swift_part9.5 */ = {
			isa = PBXGroup;
			children = (
				07676CDE203F17010034D12A /* AppDelegate.swift */,
				07676CE2203F17010034D12A /* Main.storyboard */,
				07676CF0203F17420034D12A /* ViewController.swift */,
				07676CE5203F17010034D12A /* Assets.xcassets */,
				07676CE7203F17010034D12A /* LaunchScreen.storyboard */,
				07676CEA203F17010034D12A /* Info.plist */,
				07676CF2203F1CFF0034D12A /* FicheContactTableViewCell.swift */,
			);
			path = swift_part9.5;
			sourceTree = "<group>";
		};
/* End PBXGroup section */

/* Begin PBXNativeTarget section */
		07676CDA203F17010034D12A /* swift_part9.5 */ = {
			isa = PBXNativeTarget;
			buildConfigurationList = 07676CED203F17010034D12A /* Build configuration list for PBXNativeTarget "swift_part9.5" */;
			buildPhases = (
				07676CD7203F17010034D12A /* Sources */,
				07676CD8203F17010034D12A /* Frameworks */,
				07676CD9203F17010034D12A /* Resources */,
			);
			buildRules = (
			);
			dependencies = (
			);
			name = swift_part9.5;
			productName = swift_part9.5;
			productReference = 07676CDB203F17010034D12A /* swift_part9.5.app */;
			productType = "com.apple.product-type.application";
		};
/* End PBXNativeTarget section */

/* Begin PBXProject section */
		07676CD3203F17010034D12A /* Project object */ = {
			isa = PBXProject;
			attributes = {
				LastSwiftUpdateCheck = 0920;
				LastUpgradeCheck = 0920;
				ORGANIZATIONNAME = "Romain Sickenberg";
				TargetAttributes = {
					07676CDA203F17010034D12A = {
						CreatedOnToolsVersion = 9.2;
						ProvisioningStyle = Automatic;
					};
				};
			};
			buildConfigurationList = 07676CD6203F17010034D12A /* Build configuration list for PBXProject "swift_part9.5" */;
			compatibilityVersion = "Xcode 8.0";
			developmentRegion = en;
			hasScannedForEncodings = 0;
			knownRegions = (
				en,
				Base,
			);
			mainGroup = 07676CD2203F17010034D12A;
			productRefGroup = 07676CDC203F17010034D12A /* Products */;
			projectDirPath = "";
			projectRoot = "";
			targets = (
				07676CDA203F17010034D12A /* swift_part9.5 */,
			);
		};
/* End PBXProject section */

/* Begin PBXResourcesBuildPhase section */
		07676CD9203F17010034D12A /* Resources */ = {
			isa = PBXResourcesBuildPhase;
			buildActionMask = 2147483647;
			files = (
				07676CE9203F17010034D12A /* LaunchScreen.storyboard in Resources */,
				07676CE6203F17010034D12A /* Assets.xcassets in Resources */,
				07676CE4203F17010034D12A /* Main.storyboard in Resources */,
			);
			runOnlyForDeploymentPostprocessing = 0;
		};
/* End PBXResourcesBuildPhase section */

/* Begin PBXSourcesBuildPhase section */
		07676CD7203F17010034D12A /* Sources */ = {
			isa = PBXSourcesBuildPhase;
			buildActionMask = 2147483647;
			files = (
				07676CF1203F17420034D12A /* ViewController.swift in Sources */,
				07676CF3203F1CFF0034D12A /* FicheContactTableViewCell.swift in Sources */,
				07676CDF203F17010034D12A /* AppDelegate.swift in Sources */,
			);
			runOnlyForDeploymentPostprocessing = 0;
		};
/* End PBXSourcesBuildPhase section */

/* Begin PBXVariantGroup section */
		07676CE2203F17010034D12A /* Main.storyboard */ = {
			isa = PBXVariantGroup;
			children = (
				07676CE3203F17010034D12A /* Base */,
			);
			name = Main.storyboard;
			sourceTree = "<group>";
		};
		07676CE7203F17010034D12A /* LaunchScreen.storyboard */ = {
			isa = PBXVariantGroup;
			children = (
				07676CE8203F17010034D12A /* Base */,
			);
			name = LaunchScreen.storyboard;
			sourceTree = "<group>";
		};
/* End PBXVariantGroup section */

/* Begin XCBuildConfiguration section */
		07676CEB203F17010034D12A /* Debug */ = {
			isa = XCBuildConfiguration;
			buildSettings = {
				ALWAYS_SEARCH_USER_PATHS = NO;
				CLANG_ANALYZER_NONNULL = YES;
				CLANG_ANALYZER_NUMBER_OBJECT_CONVERSION = YES_AGGRESSIVE;
				CLANG_CXX_LANGUAGE_STANDARD = "gnu++14";
				CLANG_CXX_LIBRARY = "libc++";
				CLANG_ENABLE_MODULES = YES;
				CLANG_ENABLE_OBJC_ARC = YES;
				CLANG_WARN_BLOCK_CAPTURE_AUTORELEASING = YES;
				CLANG_WARN_BOOL_CONVERSION = YES;
				CLANG_WARN_COMMA = YES;
				CLANG_WARN_CONSTANT_CONVERSION = YES;
				CLANG_WARN_DIRECT_OBJC_ISA_USAGE = YES_ERROR;
				CLANG_WARN_DOCUMENTATION_COMMENTS = YES;
				CLANG_WARN_EMPTY_BODY = YES;
				CLANG_WARN_ENUM_CONVERSION = YES;
				CLANG_WARN_INFINITE_RECURSION = YES;
				CLANG_WARN_INT_CONVERSION = YES;
				CLANG_WARN_NON_LITERAL_NULL_CONVERSION = YES;
				CLANG_WARN_OBJC_LITERAL_CONVERSION = YES;
				CLANG_WARN_OBJC_ROOT_CLASS = YES_ERROR;
				CLANG_WARN_RANGE_LOOP_ANALYSIS = YES;
				CLANG_WARN_STRICT_PROTOTYPES = YES;
				CLANG_WARN_SUSPICIOUS_MOVE = YES;
				CLANG_WARN_UNGUARDED_AVAILABILITY = YES_AGGRESSIVE;
				CLANG_WARN_UNREACHABLE_CODE = YES;
				CLANG_WARN__DUPLICATE_METHOD_MATCH = YES;
				CODE_SIGN_IDENTITY = "iPhone Developer";
				COPY_PHASE_STRIP = NO;
				DEBUG_INFORMATION_FORMAT = dwarf;
				ENABLE_STRICT_OBJC_MSGSEND = YES;
				ENABLE_TESTABILITY = YES;
				GCC_C_LANGUAGE_STANDARD = gnu11;
				GCC_DYNAMIC_NO_PIC = NO;
				GCC_NO_COMMON_BLOCKS = YES;
				GCC_OPTIMIZATION_LEVEL = 0;
				GCC_PREPROCESSOR_DEFINITIONS = (
					"DEBUG=1",
					"$(inherited)",
				);
				GCC_WARN_64_TO_32_BIT_CONVERSION = YES;
				GCC_WARN_ABOUT_RETURN_TYPE = YES_ERROR;
				GCC_WARN_UNDECLARED_SELECTOR = YES;
				GCC_WARN_UNINITIALIZED_AUTOS = YES_AGGRESSIVE;
				GCC_WARN_UNUSED_FUNCTION = YES;
				GCC_WARN_UNUSED_VARIABLE = YES;
				IPHONEOS_DEPLOYMENT_TARGET = 11.2;
				MTL_ENABLE_DEBUG_INFO = YES;
				ONLY_ACTIVE_ARCH = YES;
				SDKROOT = iphoneos;
				SWIFT_ACTIVE_COMPILATION_CONDITIONS = DEBUG;
				SWIFT_OPTIMIZATION_LEVEL = "-Onone";
			};
			name = Debug;
		};
		07676CEC203F17010034D12A /* Release */ = {
			isa = XCBuildConfiguration;
			buildSettings = {
				ALWAYS_SEARCH_USER_PATHS = NO;
				CLANG_ANALYZER_NONNULL = YES;
				CLANG_ANALYZER_NUMBER_OBJECT_CONVERSION = YES_AGGRESSIVE;
				CLANG_CXX_LANGUAGE_STANDARD = "gnu++14";
				CLANG_CXX_LIBRARY = "libc++";
				CLANG_ENABLE_MODULES = YES;
				CLANG_ENABLE_OBJC_ARC = YES;
				CLANG_WARN_BLOCK_CAPTURE_AUTORELEASING = YES;
				CLANG_WARN_BOOL_CONVERSION = YES;
				CLANG_WARN_COMMA = YES;
				CLANG_WARN_CONSTANT_CONVERSION = YES;
				CLANG_WARN_DIRECT_OBJC_ISA_USAGE = YES_ERROR;
				CLANG_WARN_DOCUMENTATION_COMMENTS = YES;
				CLANG_WARN_EMPTY_BODY = YES;
				CLANG_WARN_ENUM_CONVERSION = YES;
				CLANG_WARN_INFINITE_RECURSION = YES;
				CLANG_WARN_INT_CONVERSION = YES;
				CLANG_WARN_NON_LITERAL_NULL_CONVERSION = YES;
				CLANG_WARN_OBJC_LITERAL_CONVERSION = YES;
				CLANG_WARN_OBJC_ROOT_CLASS = YES_ERROR;
				CLANG_WARN_RANGE_LOOP_ANALYSIS = YES;
				CLANG_WARN_STRICT_PROTOTYPES = YES;
				CLANG_WARN_SUSPICIOUS_MOVE = YES;
				CLANG_WARN_UNGUARDED_AVAILABILITY = YES_AGGRESSIVE;
				CLANG_WARN_UNREACHABLE_CODE = YES;
				CLANG_WARN__DUPLICATE_METHOD_MATCH = YES;
				CODE_SIGN_IDENTITY = "iPhone Developer";
				COPY_PHASE_STRIP = NO;
				DEBUG_INFORMATION_FORMAT = "dwarf-with-dsym";
				ENABLE_NS_ASSERTIONS = NO;
				ENABLE_STRICT_OBJC_MSGSEND = YES;
				GCC_C_LANGUAGE_STANDARD = gnu11;
				GCC_NO_COMMON_BLOCKS = YES;
				GCC_WARN_64_TO_32_BIT_CONVERSION = YES;
				GCC_WARN_ABOUT_RETURN_TYPE = YES_ERROR;
				GCC_WARN_UNDECLARED_SELECTOR = YES;
				GCC_WARN_UNINITIALIZED_AUTOS = YES_AGGRESSIVE;
				GCC_WARN_UNUSED_FUNCTION = YES;
				GCC_WARN_UNUSED_VARIABLE = YES;
				IPHONEOS_DEPLOYMENT_TARGET = 11.2;
				MTL_ENABLE_DEBUG_INFO = NO;
				SDKROOT = iphoneos;
				SWIFT_OPTIMIZATION_LEVEL = "-Owholemodule";
				VALIDATE_PRODUCT = YES;
			};
			name = Release;
		};
		07676CEE203F17010034D12A /* Debug */ = {
			isa = XCBuildConfiguration;
			buildSettings = {
				ASSETCATALOG_COMPILER_APPICON_NAME = AppIcon;
				CODE_SIGN_STYLE = Automatic;
				DEVELOPMENT_TEAM = 8268QCG5CG;
				INFOPLIST_FILE = swift_part9.5/Info.plist;
				LD_RUNPATH_SEARCH_PATHS = "$(inherited) @executable_path/Frameworks";
				PRODUCT_BUNDLE_IDENTIFIER = "com.romainsickenberg.swift-part9-5";
				PRODUCT_NAME = "$(TARGET_NAME)";
				SWIFT_VERSION = 4.0;
				TARGETED_DEVICE_FAMILY = "1,2";
			};
			name = Debug;
		};
		07676CEF203F17010034D12A /* Release */ = {
			isa = XCBuildConfiguration;
			buildSettings = {
				ASSETCATALOG_COMPILER_APPICON_NAME = AppIcon;
				CODE_SIGN_STYLE = Automatic;
				DEVELOPMENT_TEAM = 8268QCG5CG;
				INFOPLIST_FILE = swift_part9.5/Info.plist;
				LD_RUNPATH_SEARCH_PATHS = "$(inherited) @executable_path/Frameworks";
				PRODUCT_BUNDLE_IDENTIFIER = "com.romainsickenberg.swift-part9-5";
				PRODUCT_NAME = "$(TARGET_NAME)";
				SWIFT_VERSION = 4.0;
				TARGETED_DEVICE_FAMILY = "1,2";
			};
			name = Release;
		};
/* End XCBuildConfiguration section */

/* Begin XCConfigurationList section */
		07676CD6203F17010034D12A /* Build configuration list for PBXProject "swift_part9.5" */ = {
			isa = XCConfigurationList;
			buildConfigurations = (
				07676CEB203F17010034D12A /* Debug */,
				07676CEC203F17010034D12A /* Release */,
			);
			defaultConfigurationIsVisible = 0;
			defaultConfigurationName = Release;
		};
		07676CED203F17010034D12A /* Build configuration list for PBXNativeTarget "swift_part9.5" */ = {
			isa = XCConfigurationList;
			buildConfigurations = (
				07676CEE203F17010034D12A /* Debug */,
				07676CEF203F17010034D12A /* Release */,
			);
			defaultConfigurationIsVisible = 0;
			defaultConfigurationName = Release;
		};
/* End XCConfigurationList section */
	};
	rootObject = 07676CD3203F17010034D12A /* Project object */;
}
